github.com/cheekybits/is v0.0.0-20150225183255-68e9c0620927 h1:SKI1/fuSdodxmNNyVBR8d7X/HuLnRpvvFO0AgyQk764=
github.com/cheekybits/is v0.0.0-20150225183255-68e9c0620927/go.mod h1:h/aW8ynjgkuj+NQRlZcDbAbM1ORAbXjXX77sX7T289U=
github.com/davecgh/go-spew v1.1.0 h1:ZDRjVQ15GmhC3fiQ8ni8+OwkZQO4DARzQgrnXU1Liz8=
github.com/davecgh/go-spew v1.1.0/go.mod h1:J7Y8YcW2NihsgmVo/mv3lAwl/skON4iLHjSsI+c5H38=
github.com/gofrs/uuid v3.3.0+incompatible h1:8K4tyRfvU1CYPgJsveYFQMhpFd/wXNM7iK6rR7UHz84=
github.com/gofrs/uuid v3.3.0+incompatible/go.mod h1:b2aQJv3Z4Fp6yNu3cdSllBxTCLRxnplIgP/c0N/04lM=
github.com/gorilla/mux v1.8.0 h1:i40aqfkR1h2SlN9hojwV5ZA91wcXFOvkdNIeFDP5koI=
github.com/gorilla/mux v1.8.0/go.mod h1:DVbg23sWSpFRCP0SfiEN6jmj59UnW/n46BH5rLB71So=
github.com/julienschmidt/httprouter v1.3.0 h1:U0609e9tgbseu3rBINet9P48AI/D3oJs4dN7jwJOQ1U=
github.com/julienschmidt/httprouter v1.3.0/go.mod h1:JR6WtHb+2LUe8TCKY3cZOxFyyO8IZAc4RVcycCCAKdM=
github.com/matryer/respond v1.0.1 h1:RSG07jdn32pH46t4UO1TnpnKlR/ayIpEa4aiK2f9k1U=
github.com/matryer/respond v1.0.1/go.mod h1:XHpqRsK4LZQgk6twGA/CrtxNBaayoYiKUqj0Mjkj3Hg=
github.com/mrz1836/go-logger v0.2.4 h1:2YZ7toHbnTiYuC7n303akMI1x27yncuEdvTxmFbxuxI=
github.com/mrz1836/go-logger v0.2.4/go.mod h1:sOcErN+MhKJ4McAsToubFoyDgdoKN6hbMqzO9t/CkeI=
github.com/mrz1836/go-parameters v0.2.4 h1:N4z/EVIDMyCuPQY5rO5HmBNdPIhYcYF4euzJ5JSKcmQ=
github.com/mrz1836/go-parameters v0.2.4/go.mod h1:QoSVq4soDM9buJONKlAT8y9UOZYglgUY3awAa6VxaD8=
github.com/pmezard/go-difflib v1.0.0 h1:4DBwDE0NGyQoBHbLQYPwSUPoCMWR5BEzIk/f1lZbAQM=
github.com/pmezard/go-difflib v1.0.0/go.mod h1:iKH77koFhYxTK1pcRnkKkqfTogsbg7gZNVY4sRDYZ/4=
github.com/stretchr/objx v0.1.0/go.mod h1:HFkY916IF+rwdDfMAkV7OtwuqBVzrE8GR6GFx+wExME=
github.com/stretchr/testify v1.6.1 h1:hDPOHmpOpP40lSULcqw7IrRb/u7w6RpDC9399XyoNd0=
github.com/stretchr/testify v1.6.1/go.mod h1:6Fq8oRcR53rry900zMqJjRRixrwX3KX962/h/Wwjteg=
github.com/ugorji/go v1.1.13 h1:nB3O5kBSQGjEQAcfe1aLUYuxmXdFKmYgBZhY32rQb6Q=
github.com/ugorji/go v1.1.13/go.mod h1:jxau1n+/wyTGLQoCkjok9r5zFa/FxT6eI5HiHKQszjc=
github.com/ugorji/go v1.2.0 h1:6eXlzYLLwZwXroJx9NyqbYcbv/d93twiOzQLDewE6qM=
github.com/ugorji/go v1.2.0/go.mod h1:1ny++pKMXhLWrwWV5Nf+CbOuZJhMoaFD+0GMFfd8fEc=
github.com/ugorji/go/codec v1.1.13 h1:013LbFhocBoIqgHeIHKlV4JWYhqogATYWZhIcH0WHn4=
github.com/ugorji/go/codec v1.1.13/go.mod h1:oNVt3Dq+FO91WNQ/9JnHKQP2QJxTzoN7wCBFCq1OeuU=
github.com/ugorji/go/codec v1.2.0 h1:As6RccOIlbm9wHuWYMlB30dErcI+4WiKWsYsmPkyrUw=
github.com/ugorji/go/codec v1.2.0/go.mod h1:dXvG35r7zTX6QImXOSFhGMmKtX+wJ7VTWzGvYQGIjBs=
gopkg.in/check.v1 v0.0.0-20161208181325-20d25e280405 h1:yhCVgyC4o1eVCa2tZl7eS0r+SDo693bJlVdllGtEeKM=
gopkg.in/check.v1 v0.0.0-20161208181325-20d25e280405/go.mod h1:Co6ibVJAznAaIkqp8huTwlJQCZ016jof/cbN4VW5Yz0=
gopkg.in/yaml.v3 v3.0.0-20200313102051-9f266ea9e77c h1:dUUwHk2QECo/6vqA44rthZ8ie2QXMNeKRTHCNY2nXvo=
gopkg.in/yaml.v3 v3.0.0-20200313102051-9f266ea9e77c/go.mod h1:K4uyk7z7BCEPqu6E+C64Yfv1cQ7kz7rIZviUmN+EgEM=
