github.com/cheekybits/is v0.0.0-20150225183255-68e9c0620927 h1:SKI1/fuSdodxmNNyVBR8d7X/HuLnRpvvFO0AgyQk764=
github.com/cheekybits/is v0.0.0-20150225183255-68e9c0620927/go.mod h1:h/aW8ynjgkuj+NQRlZcDbAbM1ORAbXjXX77sX7T289U=
github.com/gofrs/uuid v3.3.0+incompatible h1:8K4tyRfvU1CYPgJsveYFQMhpFd/wXNM7iK6rR7UHz84=
github.com/gofrs/uuid v3.3.0+incompatible/go.mod h1:b2aQJv3Z4Fp6yNu3cdSllBxTCLRxnplIgP/c0N/04lM=
github.com/gorilla/mux v1.8.0 h1:i40aqfkR1h2SlN9hojwV5ZA91wcXFOvkdNIeFDP5koI=
github.com/gorilla/mux v1.8.0/go.mod h1:DVbg23sWSpFRCP0SfiEN6jmj59UnW/n46BH5rLB71So=
github.com/julienschmidt/httprouter v1.3.0 h1:U0609e9tgbseu3rBINet9P48AI/D3oJs4dN7jwJOQ1U=
github.com/julienschmidt/httprouter v1.3.0/go.mod h1:JR6WtHb+2LUe8TCKY3cZOxFyyO8IZAc4RVcycCCAKdM=
github.com/matryer/respond v1.0.1 h1:RSG07jdn32pH46t4UO1TnpnKlR/ayIpEa4aiK2f9k1U=
github.com/matryer/respond v1.0.1/go.mod h1:XHpqRsK4LZQgk6twGA/CrtxNBaayoYiKUqj0Mjkj3Hg=
github.com/mrz1836/go-logger v0.2.1 h1:vkQSM1ZP5cXLvhM6iFWRF0U6q84QQAYOIpqfGze4CWY=
github.com/mrz1836/go-logger v0.2.1/go.mod h1:ZBIrJoIVMAGJUmf42qvGLCObHasOdYqdbYWn5Dqhb3g=
github.com/mrz1836/go-parameters v0.2.3 h1:EVuVC+wsQSxY5/9Xkn88mxlVuTuY9k2shIYH7jeaF0U=
github.com/mrz1836/go-parameters v0.2.3/go.mod h1:MX7wpOKocUT18DNIJwG+MQHEUtAxosfap2XwFDNZUng=
github.com/ugorji/go v1.1.10 h1:Mh7W3N/hGJJ8fRQNHIgomNTa0CgZc0aKDFvbgHl+U7A=
github.com/ugorji/go v1.1.10/go.mod h1:/tC+H0R6N4Lcv4DoSdphIa9y/RAs4QFHDtN9W2oQcHw=
github.com/ugorji/go/codec v1.1.10 h1:otofY/FAoRTMVqlVeDv/Kpm04D13lfJdrDqPbc3axg4=
github.com/ugorji/go/codec v1.1.10/go.mod h1:jdPQoxvTq1mb8XV6RmofOz5UgNKV2czR6xvxXGwy1Bo=
