# This file is autogenerated, do not edit; changes may be undone by the next 'dep ensure'.


[[projects]]
  digest = "1:3c8c26bb118e3f02230d4f5f30b972dbfe0c6b371acea8f190aa99ceaaae7028"
  name = "github.com/gorilla/mux"
  packages = ["."]
  pruneopts = "NUT"
  revision = "00bdffe0f3c77e27d2cf6f5c70232a2d3e4d9c15"
  version = "v1.7.3"

[[projects]]
  digest = "1:fcb5f93b1e61b176c9be5008c1e0f5d374791ccff9cf4ca50145e77200d679dc"
  name = "github.com/julienschmidt/httprouter"
  packages = ["."]
  pruneopts = "NUT"
  revision = "4eec211fa4e8df74ed978dc5681612131854144f"
  version = "v1.3.0"

[[projects]]
  digest = "1:3e6b3527c41056c0e498d709014845cf7c4170fa83868c330ad3ee8bbdb70f4e"
  name = "github.com/matryer/respond"
  packages = ["."]
  pruneopts = "NUT"
  revision = "7ca2372f541a6f714cc7f2a7118b679795b3952c"
  version = "v1.0.1"

[[projects]]
  digest = "1:e9752813079877950aa96e8e3771e22771b49be653576000bddc5da78444e215"
  name = "github.com/mrz1836/go-logger"
  packages = ["."]
  pruneopts = "NUT"
  revision = "b58212dc2d5fef02ef3281d8b88c01ba96cb9324"
  version = "v0.0.4"

[[projects]]
  digest = "1:cbf3e4f07c3218afe9099eca4300b2f6e1cb0fd59f2aae3867f6a0339618d207"
  name = "github.com/mrz1836/go-parameters"
  packages = ["."]
  pruneopts = "NUT"
  revision = "0428e1d272c9d810d310a7a0a6056e31877d8c60"
  version = "v0.0.4"

[[projects]]
  digest = "1:6bc0652ea6e39e22ccd522458b8bdd8665bf23bdc5a20eec90056e4dc7e273ca"
  name = "github.com/satori/go.uuid"
  packages = ["."]
  pruneopts = "NUT"
  revision = "f58768cc1a7a7e77a3bd49e98cdd21419399b6a3"
  version = "v1.2.0"

[[projects]]
  digest = "1:498d0b37a5c7f5664f2e21de8c85c5694ed197cb25ce245bf25cdd18930035e9"
  name = "github.com/ugorji/go"
  packages = ["codec"]
  pruneopts = "NUT"
  revision = "23ab95ef5dc3b70286760af84ce2327a2b64ed62"
  version = "v1.1.7"

[solve-meta]
  analyzer-name = "dep"
  analyzer-version = 1
  input-imports = [
    "github.com/julienschmidt/httprouter",
    "github.com/matryer/respond",
    "github.com/mrz1836/go-logger",
    "github.com/mrz1836/go-parameters",
    "github.com/satori/go.uuid",
  ]
  solver-name = "gps-cdcl"
  solver-version = 1
